// !$*UTF8*$!
{
	archiveVersion = 1;
	classes = {
	};
	objectVersion = 77;
	objects = {

/* Begin PBXBuildFile section */
		AE277E7076347118CBD29AD8 /* Foundation.framework in Frameworks */ = {isa = PBXBuildFile; fileRef = 67DBC0B9E90BC5608433254D /* Foundation.framework */; };
/* End PBXBuildFile section */

/* Begin PBXContainerItemProxy section */
		803E20772F11608100A31C8D /* PBXContainerItemProxy */ = {
			isa = PBXContainerItemProxy;
			containerPortal = 803E205F2F11607F00A31C8D /* Project object */;
			proxyType = 1;
			remoteGlobalIDString = 803E20662F11607F00A31C8D;
			remoteInfo = Browser;
		};
		803E20812F11608100A31C8D /* PBXContainerItemProxy */ = {
			isa = PBXContainerItemProxy;
			containerPortal = 803E205F2F11607F00A31C8D /* Project object */;
			proxyType = 1;
			remoteGlobalIDString = 803E20662F11607F00A31C8D;
			remoteInfo = Browser;
		};
/* End PBXContainerItemProxy section */

/* Begin PBXFileReference section */
		58AA1C45E6DEE7337895173D /* Browser.app */ = {isa = PBXFileReference; explicitFileType = wrapper.application; includeInIndex = 0; path = Browser.app; sourceTree = BUILT_PRODUCTS_DIR; };
		67DBC0B9E90BC5608433254D /* Foundation.framework */ = {isa = PBXFileReference; lastKnownFileType = wrapper.framework; name = Foundation.framework; path = Platforms/iPhoneOS.platform/Developer/SDKs/iPhoneOS26.0.sdk/System/Library/Frameworks/Foundation.framework; sourceTree = DEVELOPER_DIR; };
		803E20672F11607F00A31C8D /* Browser.app */ = {isa = PBXFileReference; explicitFileType = wrapper.application; includeInIndex = 0; path = Browser.app; sourceTree = BUILT_PRODUCTS_DIR; };
		803E20762F11608100A31C8D /* Straight Up BrowserTests.xctest */ = {isa = PBXFileReference; explicitFileType = wrapper.cfbundle; includeInIndex = 0; name = "Straight Up BrowserTests.xctest"; path = BrowserTests.xctest; sourceTree = BUILT_PRODUCTS_DIR; };
		803E20802F11608100A31C8D /* Straight Up BrowserUITests.xctest */ = {isa = PBXFileReference; explicitFileType = wrapper.cfbundle; includeInIndex = 0; name = "Straight Up BrowserUITests.xctest"; path = BrowserUITests.xctest; sourceTree = BUILT_PRODUCTS_DIR; };
/* End PBXFileReference section */

/* Begin PBXFileSystemSynchronizedBuildFileExceptionSet section */
		9ACE3A8A2F43D2753F34F544 /* Exceptions for "Straight Up Browser" folder in "Browser iOS" target */ = {
			isa = PBXFileSystemSynchronizedBuildFileExceptionSet;
			membershipExceptions = (
				Assets.xcassets,
				BookmarkImporter.swift,
				BrowserCLI.swift,
				BrowserIntents.swift,
				ContentView.swift,
				DomainInitialsGenerator.swift,
				FilesWindow.swift,
				GlobalOmnibar.swift,
				HelpWindow.swift,
				KeyboardShortcutsManager.swift,
				LinkPreview.swift,
				NotificationManager.swift,
				OmnibarView.swift,
				ScreenshotManager.swift,
				SettingsDemos.swift,
				SettingsPanes.swift,
				SettingsWindow.swift,
				Straight_Up_BrowserApp.swift,
				TabRowView.swift,
				WebExtension.swift,
				WebView.swift,
				WindowManager.swift,
			);
			target = 5799E6C8B0A6D3D0970EB02B /* Browser iOS */;
		};
/* End PBXFileSystemSynchronizedBuildFileExceptionSet section */

/* Begin PBXFileSystemSynchronizedRootGroup section */
		803E20692F11607F00A31C8D /* Straight Up Browser */ = {
			isa = PBXFileSystemSynchronizedRootGroup;
			exceptions = (
				9ACE3A8A2F43D2753F34F544 /* Exceptions for "Straight Up Browser" folder in "Browser iOS" target */,
			);
			path = "Straight Up Browser";
			sourceTree = "<group>";
		};
		803E20792F11608100A31C8D /* Straight Up BrowserTests */ = {
			isa = PBXFileSystemSynchronizedRootGroup;
			exceptions = (
			);
			path = "Straight Up BrowserTests";
			sourceTree = "<group>";
		};
		803E20832F11608100A31C8D /* Straight Up BrowserUITests */ = {
			isa = PBXFileSystemSynchronizedRootGroup;
			exceptions = (
			);
			path = "Straight Up BrowserUITests";
			sourceTree = "<group>";
		};
		CACF1DAAEDABC0FCAEF39F90 /* Browser iOS */ = {
			isa = PBXFileSystemSynchronizedRootGroup;
			exceptions = (
			);
			path = "Browser iOS";
			sourceTree = "<group>";
		};
/* End PBXFileSystemSynchronizedRootGroup section */

/* Begin PBXFrameworksBuildPhase section */
		803E20642F11607F00A31C8D /* Frameworks */ = {
			isa = PBXFrameworksBuildPhase;
			buildActionMask = 2147483647;
			files = (
			);
			runOnlyForDeploymentPostprocessing = 0;
		};
		803E20732F11608100A31C8D /* Frameworks */ = {
			isa = PBXFrameworksBuildPhase;
			buildActionMask = 2147483647;
			files = (
			);
			runOnlyForDeploymentPostprocessing = 0;
		};
		803E207D2F11608100A31C8D /* Frameworks */ = {
			isa = PBXFrameworksBuildPhase;
			buildActionMask = 2147483647;
			files = (
			);
			runOnlyForDeploymentPostprocessing = 0;
		};
		A5972A50C46376EF4AEBBF74 /* Frameworks */ = {
			isa = PBXFrameworksBuildPhase;
			buildActionMask = 2147483647;
			files = (
				AE277E7076347118CBD29AD8 /* Foundation.framework in Frameworks */,
			);
			runOnlyForDeploymentPostprocessing = 0;
		};
/* End PBXFrameworksBuildPhase section */

/* Begin PBXGroup section */
		0BEA59F054D05B3FEAE8EF21 /* iOS */ = {
			isa = PBXGroup;
			children = (
				67DBC0B9E90BC5608433254D /* Foundation.framework */,
			);
			name = iOS;
			sourceTree = "<group>";
		};
		803E205E2F11607F00A31C8D = {
			isa = PBXGroup;
			children = (
				803E20692F11607F00A31C8D /* Straight Up Browser */,
				803E20792F11608100A31C8D /* Straight Up BrowserTests */,
				803E20832F11608100A31C8D /* Straight Up BrowserUITests */,
				803E20682F11607F00A31C8D /* Products */,
				FA1CB873CAF1477E1979F61B /* Frameworks */,
				CACF1DAAEDABC0FCAEF39F90 /* Browser iOS */,
			);
			sourceTree = "<group>";
		};
		803E20682F11607F00A31C8D /* Products */ = {
			isa = PBXGroup;
			children = (
				803E20672F11607F00A31C8D /* Browser.app */,
				803E20762F11608100A31C8D /* Straight Up BrowserTests.xctest */,
				803E20802F11608100A31C8D /* Straight Up BrowserUITests.xctest */,
				58AA1C45E6DEE7337895173D /* Browser.app */,
			);
			name = Products;
			sourceTree = "<group>";
		};
		FA1CB873CAF1477E1979F61B /* Frameworks */ = {
			isa = PBXGroup;
			children = (
				0BEA59F054D05B3FEAE8EF21 /* iOS */,
			);
			name = Frameworks;
			sourceTree = "<group>";
		};
/* End PBXGroup section */

/* Begin PBXNativeTarget section */
		5799E6C8B0A6D3D0970EB02B /* Browser iOS */ = {
			isa = PBXNativeTarget;
			buildConfigurationList = 9D256FC2A98C0DD0DB2020B1 /* Build configuration list for PBXNativeTarget "Browser iOS" */;
			buildPhases = (
				2BA0BF16E83FD7391746FDB3 /* Sources */,
				A5972A50C46376EF4AEBBF74 /* Frameworks */,
				C16F61A6F480C996325AD27F /* Resources */,
			);
			buildRules = (
			);
			dependencies = (
			);
			fileSystemSynchronizedGroups = (
				803E20692F11607F00A31C8D /* Straight Up Browser */,
				CACF1DAAEDABC0FCAEF39F90 /* Browser iOS */,
			);
			name = "Browser iOS";
			productName = "Browser iOS";
			productReference = 58AA1C45E6DEE7337895173D /* Browser.app */;
			productType = "com.apple.product-type.application";
		};
		803E20662F11607F00A31C8D /* Browser */ = {
			isa = PBXNativeTarget;
			buildConfigurationList = 803E208A2F11608100A31C8D /* Build configuration list for PBXNativeTarget "Browser" */;
			buildPhases = (
				803E20632F11607F00A31C8D /* Sources */,
				803E20642F11607F00A31C8D /* Frameworks */,
				803E20652F11607F00A31C8D /* Resources */,
				BC11C1112F11608100C1AB01 /* Build browser-cli helper */,
			);
			buildRules = (
			);
			dependencies = (
			);
			fileSystemSynchronizedGroups = (
				803E20692F11607F00A31C8D /* Straight Up Browser */,
			);
			name = Browser;
			productName = Browser;
			productReference = 803E20672F11607F00A31C8D /* Browser.app */;
			productType = "com.apple.product-type.application";
		};
		803E20752F11608100A31C8D /* Straight Up BrowserTests */ = {
			isa = PBXNativeTarget;
			buildConfigurationList = 803E208D2F11608100A31C8D /* Build configuration list for PBXNativeTarget "Straight Up BrowserTests" */;
			buildPhases = (
				803E20722F11608100A31C8D /* Sources */,
				803E20732F11608100A31C8D /* Frameworks */,
				803E20742F11608100A31C8D /* Resources */,
			);
			buildRules = (
			);
			dependencies = (
				803E20782F11608100A31C8D /* PBXTargetDependency */,
			);
			fileSystemSynchronizedGroups = (
				803E20792F11608100A31C8D /* Straight Up BrowserTests */,
			);
			name = "Straight Up BrowserTests";
			productName = "Straight Up BrowserTests";
			productReference = 803E20762F11608100A31C8D /* Straight Up BrowserTests.xctest */;
			productType = "com.apple.product-type.bundle.unit-test";
		};
		803E207F2F11608100A31C8D /* Straight Up BrowserUITests */ = {
			isa = PBXNativeTarget;
			buildConfigurationList = 803E20902F11608100A31C8D /* Build configuration list for PBXNativeTarget "Straight Up BrowserUITests" */;
			buildPhases = (
				803E207C2F11608100A31C8D /* Sources */,
				803E207D2F11608100A31C8D /* Frameworks */,
				803E207E2F11608100A31C8D /* Resources */,
			);
			buildRules = (
			);
			dependencies = (
				803E20822F11608100A31C8D /* PBXTargetDependency */,
			);
			fileSystemSynchronizedGroups = (
				803E20832F11608100A31C8D /* Straight Up BrowserUITests */,
			);
			name = "Straight Up BrowserUITests";
			productName = "Straight Up BrowserUITests";
			productReference = 803E20802F11608100A31C8D /* Straight Up BrowserUITests.xctest */;
			productType = "com.apple.product-type.bundle.ui-testing";
		};
/* End PBXNativeTarget section */

/* Begin PBXProject section */
		803E205F2F11607F00A31C8D /* Project object */ = {
			isa = PBXProject;
			attributes = {
				BuildIndependentTargetsInParallel = 1;
				LastSwiftUpdateCheck = 2620;
				LastUpgradeCheck = 2620;
				TargetAttributes = {
					803E20662F11607F00A31C8D = {
						CreatedOnToolsVersion = 26.2;
					};
					803E20752F11608100A31C8D = {
						CreatedOnToolsVersion = 26.2;
						TestTargetID = 803E20662F11607F00A31C8D;
					};
					803E207F2F11608100A31C8D = {
						CreatedOnToolsVersion = 26.2;
						TestTargetID = 803E20662F11607F00A31C8D;
					};
				};
			};
			buildConfigurationList = 803E20622F11607F00A31C8D /* Build configuration list for PBXProject "Straight Up Browser" */;
			developmentRegion = en;
			hasScannedForEncodings = 0;
			knownRegions = (
				en,
				Base,
				ar,
				ca,
				"zh-Hans",
				"zh-Hant",
				"zh-HK",
				hr,
				cs,
				da,
				nl,
				"en-AU",
				"en-GB",
				"en-IN",
				fi,
				fr,
				"fr-CA",
				de,
				el,
				he,
				hi,
				hu,
				id,
				it,
				ja,
				ko,
				ms,
				nb,
				pl,
				"pt-BR",
				"pt-PT",
				ro,
				ru,
				sk,
				es,
				"es-419",
				sv,
				th,
				tr,
				uk,
				vi,
			);
			mainGroup = 803E205E2F11607F00A31C8D;
			minimizedProjectReferenceProxies = 1;
			preferredProjectObjectVersion = 77;
			productRefGroup = 803E20682F11607F00A31C8D /* Products */;
			projectDirPath = "";
			projectRoot = "";
			targets = (
				803E20662F11607F00A31C8D /* Browser */,
				803E20752F11608100A31C8D /* Straight Up BrowserTests */,
				803E207F2F11608100A31C8D /* Straight Up BrowserUITests */,
				5799E6C8B0A6D3D0970EB02B /* Browser iOS */,
			);
		};
/* End PBXProject section */

/* Begin PBXResourcesBuildPhase section */
		803E20652F11607F00A31C8D /* Resources */ = {
			isa = PBXResourcesBuildPhase;
			buildActionMask = 2147483647;
			files = (
			);
			runOnlyForDeploymentPostprocessing = 0;
		};
		803E20742F11608100A31C8D /* Resources */ = {
			isa = PBXResourcesBuildPhase;
			buildActionMask = 2147483647;
			files = (
			);
			runOnlyForDeploymentPostprocessing = 0;
		};
		803E207E2F11608100A31C8D /* Resources */ = {
			isa = PBXResourcesBuildPhase;
			buildActionMask = 2147483647;
			files = (
			);
			runOnlyForDeploymentPostprocessing = 0;
		};
		C16F61A6F480C996325AD27F /* Resources */ = {
			isa = PBXResourcesBuildPhase;
			buildActionMask = 2147483647;
			files = (
			);
			runOnlyForDeploymentPostprocessing = 0;
		};
/* End PBXResourcesBuildPhase section */

/* Begin PBXShellScriptBuildPhase section */
		BC11C1112F11608100C1AB01 /* Build browser-cli helper */ = {
			isa = PBXShellScriptBuildPhase;
			buildActionMask = 2147483647;
			files = (
			);
			inputFileListPaths = (
			);
			inputPaths = (
				"$(SRCROOT)/browser-cli/main.swift",
			);
			name = "Build browser-cli helper";
			outputFileListPaths = (
			);
			outputPaths = (
				"$(BUILT_PRODUCTS_DIR)/$(CONTENTS_FOLDER_PATH)/Helpers/browser-cli",
			);
			runOnlyForDeploymentPostprocessing = 0;
			shellPath = /bin/sh;
			shellScript = "# Compile the CLI helper into the bundle and sign it before Xcode signs\n# the outer app (Contents/Helpers is a standard nested-code location).\nset -e\nHELPERS=\"${BUILT_PRODUCTS_DIR}/${CONTENTS_FOLDER_PATH}/Helpers\"\nmkdir -p \"$HELPERS\"\nxcrun swiftc -O \"${SRCROOT}/browser-cli/main.swift\" -o \"$HELPERS/browser-cli\"\nif [ \"${EXPANDED_CODE_SIGN_IDENTITY:--}\" != \"-\" ]; then\n    codesign --force --options runtime --timestamp --sign \"$EXPANDED_CODE_SIGN_IDENTITY\" \"$HELPERS/browser-cli\"\nelse\n    codesign --force --sign - \"$HELPERS/browser-cli\"\nfi\n";
		};
/* End PBXShellScriptBuildPhase section */

/* Begin PBXSourcesBuildPhase section */
		2BA0BF16E83FD7391746FDB3 /* Sources */ = {
			isa = PBXSourcesBuildPhase;
			buildActionMask = 2147483647;
			files = (
			);
			runOnlyForDeploymentPostprocessing = 0;
		};
		803E20632F11607F00A31C8D /* Sources */ = {
			isa = PBXSourcesBuildPhase;
			buildActionMask = 2147483647;
			files = (
			);
			runOnlyForDeploymentPostprocessing = 0;
		};
		803E20722F11608100A31C8D /* Sources */ = {
			isa = PBXSourcesBuildPhase;
			buildActionMask = 2147483647;
			files = (
			);
			runOnlyForDeploymentPostprocessing = 0;
		};
		803E207C2F11608100A31C8D /* Sources */ = {
			isa = PBXSourcesBuildPhase;
			buildActionMask = 2147483647;
			files = (
			);
			runOnlyForDeploymentPostprocessing = 0;
		};
/* End PBXSourcesBuildPhase section */

/* Begin PBXTargetDependency section */
		803E20782F11608100A31C8D /* PBXTargetDependency */ = {
			isa = PBXTargetDependency;
			target = 803E20662F11607F00A31C8D /* Browser */;
			targetProxy = 803E20772F11608100A31C8D /* PBXContainerItemProxy */;
		};
		803E20822F11608100A31C8D /* PBXTargetDependency */ = {
			isa = PBXTargetDependency;
			target = 803E20662F11607F00A31C8D /* Browser */;
			targetProxy = 803E20812F11608100A31C8D /* PBXContainerItemProxy */;
		};
/* End PBXTargetDependency section */

/* Begin XCBuildConfiguration section */
		671E9E8583919459BDBC84A0 /* Debug */ = {
			isa = XCBuildConfiguration;
			buildSettings = {
				ASSETCATALOG_COMPILER_APPICON_NAME = AppIcon;
				ASSETCATALOG_COMPILER_GLOBAL_ACCENT_COLOR_NAME = AccentColor;
				CLANG_ENABLE_OBJC_WEAK = NO;
				CODE_SIGN_ENTITLEMENTS = "Browser iOS.entitlements";
				CODE_SIGN_STYLE = Automatic;
				CURRENT_PROJECT_VERSION = 18;
				DEVELOPMENT_TEAM = EJLR2RPSV2;
				ENABLE_PREVIEWS = YES;
				GENERATE_INFOPLIST_FILE = YES;
				INFOPLIST_KEY_LSApplicationCategoryType = "public.app-category.productivity";
				INFOPLIST_KEY_NSCameraUsageDescription = "Websites you visit can ask to use your camera for video calls and photos.";
				INFOPLIST_KEY_NSMicrophoneUsageDescription = "Websites you visit can ask to use your microphone for calls and voice input.";
				INFOPLIST_KEY_UIApplicationSceneManifest_Generation = YES;
				INFOPLIST_KEY_UIApplicationSupportsIndirectInputEvents = YES;
				INFOPLIST_KEY_UILaunchScreen_Generation = YES;
				INFOPLIST_KEY_UIRequiresFullScreen = NO;
				INFOPLIST_KEY_UIStatusBarHidden = YES;
				INFOPLIST_KEY_UISupportedInterfaceOrientations = "UIInterfaceOrientationPortrait UIInterfaceOrientationLandscapeLeft UIInterfaceOrientationLandscapeRight";
				"INFOPLIST_KEY_UISupportedInterfaceOrientations~ipad" = "UIInterfaceOrientationPortrait UIInterfaceOrientationPortraitUpsideDown UIInterfaceOrientationLandscapeLeft UIInterfaceOrientationLandscapeRight";
				INFOPLIST_KEY_UIViewControllerBasedStatusBarAppearance = YES;
				IPHONEOS_DEPLOYMENT_TARGET = 18.0;
				LD_RUNPATH_SEARCH_PATHS = (
					"$(inherited)",
					"@executable_path/Frameworks",
				);
				MARKETING_VERSION = 1.6.1;
				PRODUCT_BUNDLE_IDENTIFIER = "com.nathanfennel.Straight-Up-Browser";
				PRODUCT_NAME = Browser;
				SDKROOT = iphoneos;
				SWIFT_EMIT_LOC_STRINGS = YES;
				SWIFT_VERSION = 5.0;
				TARGETED_DEVICE_FAMILY = "1,2";
			};
			name = Debug;
		};
		803E20882F11608100A31C8D /* Debug */ = {
			isa = XCBuildConfiguration;
			buildSettings = {
				ALWAYS_SEARCH_USER_PATHS = NO;
				ASSETCATALOG_COMPILER_GENERATE_SWIFT_ASSET_SYMBOL_EXTENSIONS = YES;
				CLANG_ANALYZER_NONNULL = YES;
				CLANG_ANALYZER_NUMBER_OBJECT_CONVERSION = YES_AGGRESSIVE;
				CLANG_CXX_LANGUAGE_STANDARD = "gnu++20";
				CLANG_ENABLE_MODULES = YES;
				CLANG_ENABLE_OBJC_ARC = YES;
				CLANG_ENABLE_OBJC_WEAK = YES;
				CLANG_WARN_BLOCK_CAPTURE_AUTORELEASING = YES;
				CLANG_WARN_BOOL_CONVERSION = YES;
				CLANG_WARN_COMMA = YES;
				CLANG_WARN_CONSTANT_CONVERSION = YES;
				CLANG_WARN_DEPRECATED_OBJC_IMPLEMENTATIONS = YES;
				CLANG_WARN_DIRECT_OBJC_ISA_USAGE = YES_ERROR;
				CLANG_WARN_DOCUMENTATION_COMMENTS = YES;
				CLANG_WARN_EMPTY_BODY = YES;
				CLANG_WARN_ENUM_CONVERSION = YES;
				CLANG_WARN_INFINITE_RECURSION = YES;
				CLANG_WARN_INT_CONVERSION = YES;
				CLANG_WARN_NON_LITERAL_NULL_CONVERSION = YES;
				CLANG_WARN_OBJC_IMPLICIT_RETAIN_SELF = YES;
				CLANG_WARN_OBJC_LITERAL_CONVERSION = YES;
				CLANG_WARN_OBJC_ROOT_CLASS = YES_ERROR;
				CLANG_WARN_QUOTED_INCLUDE_IN_FRAMEWORK_HEADER = YES;
				CLANG_WARN_RANGE_LOOP_ANALYSIS = YES;
				CLANG_WARN_STRICT_PROTOTYPES = YES;
				CLANG_WARN_SUSPICIOUS_MOVE = YES;
				CLANG_WARN_UNGUARDED_AVAILABILITY = YES_AGGRESSIVE;
				CLANG_WARN_UNREACHABLE_CODE = YES;
				CLANG_WARN__DUPLICATE_METHOD_MATCH = YES;
				COPY_PHASE_STRIP = NO;
				DEBUG_INFORMATION_FORMAT = dwarf;
				DEVELOPMENT_TEAM = EJLR2RPSV2;
				ENABLE_STRICT_OBJC_MSGSEND = YES;
				ENABLE_TESTABILITY = YES;
				ENABLE_USER_SCRIPT_SANDBOXING = NO;
				GCC_C_LANGUAGE_STANDARD = gnu17;
				GCC_DYNAMIC_NO_PIC = NO;
				GCC_NO_COMMON_BLOCKS = YES;
				GCC_OPTIMIZATION_LEVEL = 0;
				GCC_PREPROCESSOR_DEFINITIONS = (
					"DEBUG=1",
					"$(inherited)",
				);
				GCC_WARN_64_TO_32_BIT_CONVERSION = YES;
				GCC_WARN_ABOUT_RETURN_TYPE = YES_ERROR;
				GCC_WARN_UNDECLARED_SELECTOR = YES;
				GCC_WARN_UNINITIALIZED_AUTOS = YES_AGGRESSIVE;
				GCC_WARN_UNUSED_FUNCTION = YES;
				GCC_WARN_UNUSED_VARIABLE = YES;
				LOCALIZATION_PREFERS_STRING_CATALOGS = YES;
				MACOSX_DEPLOYMENT_TARGET = 15.6;
				MTL_ENABLE_DEBUG_INFO = INCLUDE_SOURCE;
				MTL_FAST_MATH = YES;
				ONLY_ACTIVE_ARCH = YES;
				SDKROOT = macosx;
				SWIFT_ACTIVE_COMPILATION_CONDITIONS = "DEBUG $(inherited)";
				SWIFT_OPTIMIZATION_LEVEL = "-Onone";
			};
			name = Debug;
		};
		803E20892F11608100A31C8D /* Release */ = {
			isa = XCBuildConfiguration;
			buildSettings = {
				ALWAYS_SEARCH_USER_PATHS = NO;
				ASSETCATALOG_COMPILER_GENERATE_SWIFT_ASSET_SYMBOL_EXTENSIONS = YES;
				CLANG_ANALYZER_NONNULL = YES;
				CLANG_ANALYZER_NUMBER_OBJECT_CONVERSION = YES_AGGRESSIVE;
				CLANG_CXX_LANGUAGE_STANDARD = "gnu++20";
				CLANG_ENABLE_MODULES = YES;
				CLANG_ENABLE_OBJC_ARC = YES;
				CLANG_ENABLE_OBJC_WEAK = YES;
				CLANG_WARN_BLOCK_CAPTURE_AUTORELEASING = YES;
				CLANG_WARN_BOOL_CONVERSION = YES;
				CLANG_WARN_COMMA = YES;
				CLANG_WARN_CONSTANT_CONVERSION = YES;
				CLANG_WARN_DEPRECATED_OBJC_IMPLEMENTATIONS = YES;
				CLANG_WARN_DIRECT_OBJC_ISA_USAGE = YES_ERROR;
				CLANG_WARN_DOCUMENTATION_COMMENTS = YES;
				CLANG_WARN_EMPTY_BODY = YES;
				CLANG_WARN_ENUM_CONVERSION = YES;
				CLANG_WARN_INFINITE_RECURSION = YES;
				CLANG_WARN_INT_CONVERSION = YES;
				CLANG_WARN_NON_LITERAL_NULL_CONVERSION = YES;
				CLANG_WARN_OBJC_IMPLICIT_RETAIN_SELF = YES;
				CLANG_WARN_OBJC_LITERAL_CONVERSION = YES;
				CLANG_WARN_OBJC_ROOT_CLASS = YES_ERROR;
				CLANG_WARN_QUOTED_INCLUDE_IN_FRAMEWORK_HEADER = YES;
				CLANG_WARN_RANGE_LOOP_ANALYSIS = YES;
				CLANG_WARN_STRICT_PROTOTYPES = YES;
				CLANG_WARN_SUSPICIOUS_MOVE = YES;
				CLANG_WARN_UNGUARDED_AVAILABILITY = YES_AGGRESSIVE;
				CLANG_WARN_UNREACHABLE_CODE = YES;
				CLANG_WARN__DUPLICATE_METHOD_MATCH = YES;
				COPY_PHASE_STRIP = NO;
				DEBUG_INFORMATION_FORMAT = "dwarf-with-dsym";
				DEVELOPMENT_TEAM = EJLR2RPSV2;
				ENABLE_NS_ASSERTIONS = NO;
				ENABLE_STRICT_OBJC_MSGSEND = YES;
				ENABLE_USER_SCRIPT_SANDBOXING = NO;
				GCC_C_LANGUAGE_STANDARD = gnu17;
				GCC_NO_COMMON_BLOCKS = YES;
				GCC_WARN_64_TO_32_BIT_CONVERSION = YES;
				GCC_WARN_ABOUT_RETURN_TYPE = YES_ERROR;
				GCC_WARN_UNDECLARED_SELECTOR = YES;
				GCC_WARN_UNINITIALIZED_AUTOS = YES_AGGRESSIVE;
				GCC_WARN_UNUSED_FUNCTION = YES;
				GCC_WARN_UNUSED_VARIABLE = YES;
				LOCALIZATION_PREFERS_STRING_CATALOGS = YES;
				MACOSX_DEPLOYMENT_TARGET = 15.6;
				MTL_ENABLE_DEBUG_INFO = NO;
				MTL_FAST_MATH = YES;
				SDKROOT = macosx;
				SWIFT_COMPILATION_MODE = wholemodule;
			};
			name = Release;
		};
		803E208B2F11608100A31C8D /* Debug */ = {
			isa = XCBuildConfiguration;
			buildSettings = {
				ASSETCATALOG_COMPILER_APPICON_NAME = AppIcon;
				ASSETCATALOG_COMPILER_GLOBAL_ACCENT_COLOR_NAME = AccentColor;
				CODE_SIGN_ENTITLEMENTS = Browser.entitlements;
				CODE_SIGN_STYLE = Automatic;
				COMBINE_HIDPI_IMAGES = YES;
				CURRENT_PROJECT_VERSION = 18;
				DEVELOPMENT_TEAM = EJLR2RPSV2;
				ENABLE_APP_SANDBOX = NO;
				ENABLE_HARDENED_RUNTIME = YES;
				ENABLE_PREVIEWS = YES;
				GENERATE_INFOPLIST_FILE = YES;
				INFOPLIST_FILE = "Browser-Info.plist";
				INFOPLIST_KEY_LSApplicationCategoryType = "public.app-category.productivity";
				INFOPLIST_KEY_NSCameraUsageDescription = "Websites you visit can ask to use your camera for video calls and photos.";
				INFOPLIST_KEY_NSHumanReadableCopyright = "© 2026 Nathan Fennel. All rights reserved.";
				INFOPLIST_KEY_NSMicrophoneUsageDescription = "Websites you visit can ask to use your microphone for calls and voice input.";
				LD_RUNPATH_SEARCH_PATHS = (
					"$(inherited)",
					"@executable_path/../Frameworks",
				);
				MARKETING_VERSION = 1.6.1;
				PRODUCT_BUNDLE_IDENTIFIER = "com.nathanfennel.Straight-Up-Browser";
				PRODUCT_NAME = Browser;
				REGISTER_APP_GROUPS = YES;
				STRING_CATALOG_GENERATE_SYMBOLS = YES;
				SWIFT_APPROACHABLE_CONCURRENCY = YES;
				SWIFT_DEFAULT_ACTOR_ISOLATION = MainActor;
				SWIFT_EMIT_LOC_STRINGS = YES;
				SWIFT_UPCOMING_FEATURE_MEMBER_IMPORT_VISIBILITY = YES;
				SWIFT_VERSION = 5.0;
			};
			name = Debug;
		};
		803E208C2F11608100A31C8D /* Release */ = {
			isa = XCBuildConfiguration;
			buildSettings = {
				ASSETCATALOG_COMPILER_APPICON_NAME = AppIcon;
				ASSETCATALOG_COMPILER_GLOBAL_ACCENT_COLOR_NAME = AccentColor;
				CODE_SIGN_ENTITLEMENTS = Browser.entitlements;
				CODE_SIGN_STYLE = Automatic;
				COMBINE_HIDPI_IMAGES = YES;
				CURRENT_PROJECT_VERSION = 18;
				DEVELOPMENT_TEAM = EJLR2RPSV2;
				ENABLE_APP_SANDBOX = NO;
				ENABLE_HARDENED_RUNTIME = YES;
				ENABLE_PREVIEWS = YES;
				GENERATE_INFOPLIST_FILE = YES;
				INFOPLIST_FILE = "Browser-Info.plist";
				INFOPLIST_KEY_LSApplicationCategoryType = "public.app-category.productivity";
				INFOPLIST_KEY_NSCameraUsageDescription = "Websites you visit can ask to use your camera for video calls and photos.";
				INFOPLIST_KEY_NSHumanReadableCopyright = "© 2026 Nathan Fennel. All rights reserved.";
				INFOPLIST_KEY_NSMicrophoneUsageDescription = "Websites you visit can ask to use your microphone for calls and voice input.";
				LD_RUNPATH_SEARCH_PATHS = (
					"$(inherited)",
					"@executable_path/../Frameworks",
				);
				MARKETING_VERSION = 1.6.1;
				PRODUCT_BUNDLE_IDENTIFIER = "com.nathanfennel.Straight-Up-Browser";
				PRODUCT_NAME = Browser;
				REGISTER_APP_GROUPS = YES;
				STRING_CATALOG_GENERATE_SYMBOLS = YES;
				SWIFT_APPROACHABLE_CONCURRENCY = YES;
				SWIFT_DEFAULT_ACTOR_ISOLATION = MainActor;
				SWIFT_EMIT_LOC_STRINGS = YES;
				SWIFT_UPCOMING_FEATURE_MEMBER_IMPORT_VISIBILITY = YES;
				SWIFT_VERSION = 5.0;
			};
			name = Release;
		};
		803E208E2F11608100A31C8D /* Debug */ = {
			isa = XCBuildConfiguration;
			buildSettings = {
				BUNDLE_LOADER = "$(TEST_HOST)";
				CODE_SIGN_STYLE = Automatic;
				CURRENT_PROJECT_VERSION = 18;
				DEVELOPMENT_TEAM = EJLR2RPSV2;
				GENERATE_INFOPLIST_FILE = YES;
				MACOSX_DEPLOYMENT_TARGET = 15.6;
				MARKETING_VERSION = 1.6.1;
				PRODUCT_BUNDLE_IDENTIFIER = "com.nathanfennel.Straight-Up-BrowserTests";
				PRODUCT_NAME = BrowserTests;
				STRING_CATALOG_GENERATE_SYMBOLS = NO;
				SWIFT_APPROACHABLE_CONCURRENCY = YES;
				SWIFT_EMIT_LOC_STRINGS = NO;
				SWIFT_UPCOMING_FEATURE_MEMBER_IMPORT_VISIBILITY = YES;
				SWIFT_VERSION = 5.0;
				TEST_HOST = "$(BUILT_PRODUCTS_DIR)/Browser.app/$(BUNDLE_EXECUTABLE_FOLDER_PATH)/Browser";
			};
			name = Debug;
		};
		803E208F2F11608100A31C8D /* Release */ = {
			isa = XCBuildConfiguration;
			buildSettings = {
				BUNDLE_LOADER = "$(TEST_HOST)";
				CODE_SIGN_STYLE = Automatic;
				CURRENT_PROJECT_VERSION = 18;
				DEVELOPMENT_TEAM = EJLR2RPSV2;
				GENERATE_INFOPLIST_FILE = YES;
				MACOSX_DEPLOYMENT_TARGET = 15.6;
				MARKETING_VERSION = 1.6.1;
				PRODUCT_BUNDLE_IDENTIFIER = "com.nathanfennel.Straight-Up-BrowserTests";
				PRODUCT_NAME = BrowserTests;
				STRING_CATALOG_GENERATE_SYMBOLS = NO;
				SWIFT_APPROACHABLE_CONCURRENCY = YES;
				SWIFT_EMIT_LOC_STRINGS = NO;
				SWIFT_UPCOMING_FEATURE_MEMBER_IMPORT_VISIBILITY = YES;
				SWIFT_VERSION = 5.0;
				TEST_HOST = "$(BUILT_PRODUCTS_DIR)/Browser.app/$(BUNDLE_EXECUTABLE_FOLDER_PATH)/Browser";
			};
			name = Release;
		};
		803E20912F11608100A31C8D /* Debug */ = {
			isa = XCBuildConfiguration;
			buildSettings = {
				CODE_SIGN_STYLE = Automatic;
				CURRENT_PROJECT_VERSION = 18;
				DEVELOPMENT_TEAM = EJLR2RPSV2;
				GENERATE_INFOPLIST_FILE = YES;
				MARKETING_VERSION = 1.6.1;
				PRODUCT_BUNDLE_IDENTIFIER = "com.nathanfennel.Straight-Up-BrowserUITests";
				PRODUCT_NAME = BrowserUITests;
				STRING_CATALOG_GENERATE_SYMBOLS = NO;
				SWIFT_APPROACHABLE_CONCURRENCY = YES;
				SWIFT_EMIT_LOC_STRINGS = NO;
				SWIFT_UPCOMING_FEATURE_MEMBER_IMPORT_VISIBILITY = YES;
				SWIFT_VERSION = 5.0;
				TEST_TARGET_NAME = Browser;
			};
			name = Debug;
		};
		803E20922F11608100A31C8D /* Release */ = {
			isa = XCBuildConfiguration;
			buildSettings = {
				CODE_SIGN_STYLE = Automatic;
				CURRENT_PROJECT_VERSION = 18;
				DEVELOPMENT_TEAM = EJLR2RPSV2;
				GENERATE_INFOPLIST_FILE = YES;
				MARKETING_VERSION = 1.6.1;
				PRODUCT_BUNDLE_IDENTIFIER = "com.nathanfennel.Straight-Up-BrowserUITests";
				PRODUCT_NAME = BrowserUITests;
				STRING_CATALOG_GENERATE_SYMBOLS = NO;
				SWIFT_APPROACHABLE_CONCURRENCY = YES;
				SWIFT_EMIT_LOC_STRINGS = NO;
				SWIFT_UPCOMING_FEATURE_MEMBER_IMPORT_VISIBILITY = YES;
				SWIFT_VERSION = 5.0;
				TEST_TARGET_NAME = Browser;
			};
			name = Release;
		};
		A2925710064FA6BC8E00F638 /* Release */ = {
			isa = XCBuildConfiguration;
			buildSettings = {
				ASSETCATALOG_COMPILER_APPICON_NAME = AppIcon;
				ASSETCATALOG_COMPILER_GLOBAL_ACCENT_COLOR_NAME = AccentColor;
				CLANG_ENABLE_OBJC_WEAK = NO;
				CODE_SIGN_ENTITLEMENTS = "Browser iOS.entitlements";
				CODE_SIGN_STYLE = Automatic;
				CURRENT_PROJECT_VERSION = 18;
				DEVELOPMENT_TEAM = EJLR2RPSV2;
				ENABLE_PREVIEWS = YES;
				GENERATE_INFOPLIST_FILE = YES;
				INFOPLIST_KEY_LSApplicationCategoryType = "public.app-category.productivity";
				INFOPLIST_KEY_NSCameraUsageDescription = "Websites you visit can ask to use your camera for video calls and photos.";
				INFOPLIST_KEY_NSMicrophoneUsageDescription = "Websites you visit can ask to use your microphone for calls and voice input.";
				INFOPLIST_KEY_UIApplicationSceneManifest_Generation = YES;
				INFOPLIST_KEY_UIApplicationSupportsIndirectInputEvents = YES;
				INFOPLIST_KEY_UILaunchScreen_Generation = YES;
				INFOPLIST_KEY_UIRequiresFullScreen = NO;
				INFOPLIST_KEY_UIStatusBarHidden = YES;
				INFOPLIST_KEY_UISupportedInterfaceOrientations = "UIInterfaceOrientationPortrait UIInterfaceOrientationLandscapeLeft UIInterfaceOrientationLandscapeRight";
				"INFOPLIST_KEY_UISupportedInterfaceOrientations~ipad" = "UIInterfaceOrientationPortrait UIInterfaceOrientationPortraitUpsideDown UIInterfaceOrientationLandscapeLeft UIInterfaceOrientationLandscapeRight";
				INFOPLIST_KEY_UIViewControllerBasedStatusBarAppearance = YES;
				IPHONEOS_DEPLOYMENT_TARGET = 18.0;
				LD_RUNPATH_SEARCH_PATHS = (
					"$(inherited)",
					"@executable_path/Frameworks",
				);
				MARKETING_VERSION = 1.6.1;
				PRODUCT_BUNDLE_IDENTIFIER = "com.nathanfennel.Straight-Up-Browser";
				PRODUCT_NAME = Browser;
				SDKROOT = iphoneos;
				SWIFT_EMIT_LOC_STRINGS = YES;
				SWIFT_VERSION = 5.0;
				TARGETED_DEVICE_FAMILY = "1,2";
				VALIDATE_PRODUCT = YES;
			};
			name = Release;
		};
/* End XCBuildConfiguration section */

/* Begin XCConfigurationList section */
		803E20622F11607F00A31C8D /* Build configuration list for PBXProject "Straight Up Browser" */ = {
			isa = XCConfigurationList;
			buildConfigurations = (
				803E20882F11608100A31C8D /* Debug */,
				803E20892F11608100A31C8D /* Release */,
			);
			defaultConfigurationIsVisible = 0;
			defaultConfigurationName = Release;
		};
		803E208A2F11608100A31C8D /* Build configuration list for PBXNativeTarget "Browser" */ = {
			isa = XCConfigurationList;
			buildConfigurations = (
				803E208B2F11608100A31C8D /* Debug */,
				803E208C2F11608100A31C8D /* Release */,
			);
			defaultConfigurationIsVisible = 0;
			defaultConfigurationName = Release;
		};
		803E208D2F11608100A31C8D /* Build configuration list for PBXNativeTarget "Straight Up BrowserTests" */ = {
			isa = XCConfigurationList;
			buildConfigurations = (
				803E208E2F11608100A31C8D /* Debug */,
				803E208F2F11608100A31C8D /* Release */,
			);
			defaultConfigurationIsVisible = 0;
			defaultConfigurationName = Release;
		};
		803E20902F11608100A31C8D /* Build configuration list for PBXNativeTarget "Straight Up BrowserUITests" */ = {
			isa = XCConfigurationList;
			buildConfigurations = (
				803E20912F11608100A31C8D /* Debug */,
				803E20922F11608100A31C8D /* Release */,
			);
			defaultConfigurationIsVisible = 0;
			defaultConfigurationName = Release;
		};
		9D256FC2A98C0DD0DB2020B1 /* Build configuration list for PBXNativeTarget "Browser iOS" */ = {
			isa = XCConfigurationList;
			buildConfigurations = (
				A2925710064FA6BC8E00F638 /* Release */,
				671E9E8583919459BDBC84A0 /* Debug */,
			);
			defaultConfigurationIsVisible = 0;
			defaultConfigurationName = Release;
		};
/* End XCConfigurationList section */
	};
	rootObject = 803E205F2F11607F00A31C8D /* Project object */;
}
